
Microsoft Visual Studio Solution File, Format Version 12.00
# Visual Studio Version 16
VisualStudioVersion = 16.0.31005.135
MinimumVisualStudioVersion = 10.0.40219.1
Project("{FAE04EC0-301F-11D3-BF4B-00C04F79EFBC}") = "ServerTool", "ServerTool\ServerTool.csproj", "{180BAF51-259B-42F1-B5EC-9232EA878DDF}"
EndProject
Global
	GlobalSection(SolutionConfigurationPlatforms) = preSolution
		Debug|Any CPU = Debug|Any CPU
		Release|Any CPU = Release|Any CPU
	EndGlobalSection
	GlobalSection(ProjectConfigurationPlatforms) = postSolution
		{180BAF51-259B-42F1-B5EC-9232EA878DDF}.Debug|Any CPU.ActiveCfg = Debug|Any CPU
		{180BAF51-259B-42F1-B5EC-9232EA878DDF}.Debug|Any CPU.Build.0 = Debug|Any CPU
		{180BAF51-259B-42F1-B5EC-9232EA878DDF}.Release|Any CPU.ActiveCfg = Release|Any CPU
		{180BAF51-259B-42F1-B5EC-9232EA878DDF}.Release|Any CPU.Build.0 = Release|Any CPU
	EndGlobalSection
	GlobalSection(SolutionProperties) = preSolution
		HideSolutionNode = FALSE
	EndGlobalSection
	GlobalSection(ExtensibilityGlobals) = postSolution
		SolutionGuid = {1A18A153-00A4-4D79-A9E7-D9695362C4AF}
	EndGlobalSection
EndGlobal
